// !$*UTF8*$!
{
	archiveVersion = 1;
	classes = {
	};
	objectVersion = 56;
	objects = {

/* Begin PBXBuildFile section */
		66804A0429D330F100573C06 /* MixityApp.swift in Sources */ = {isa = PBXBuildFile; fileRef = 66804A0329D330F100573C06 /* MixityApp.swift */; };
		66804A0629D330F100573C06 /* ContentView.swift in Sources */ = {isa = PBXBuildFile; fileRef = 66804A0529D330F100573C06 /* ContentView.swift */; };
		66804A0829D330F200573C06 /* Assets.xcassets in Resources */ = {isa = PBXBuildFile; fileRef = 66804A0729D330F200573C06 /* Assets.xcassets */; };
		66804A0B29D330F200573C06 /* Preview Assets.xcassets in Resources */ = {isa = PBXBuildFile; fileRef = 66804A0A29D330F200573C06 /* Preview Assets.xcassets */; };
		66804A1529D330F200573C06 /* MixityTests.swift in Sources */ = {isa = PBXBuildFile; fileRef = 66804A1429D330F200573C06 /* MixityTests.swift */; };
		66804A1F29D330F200573C06 /* MixityUITests.swift in Sources */ = {isa = PBXBuildFile; fileRef = 66804A1E29D330F200573C06 /* MixityUITests.swift */; };
		66804A2129D330F200573C06 /* MixityUITestsLaunchTests.swift in Sources */ = {isa = PBXBuildFile; fileRef = 66804A2029D330F200573C06 /* MixityUITestsLaunchTests.swift */; };
		66804A2F29D3312800573C06 /* Event.swift in Sources */ = {isa = PBXBuildFile; fileRef = 66804A2E29D3312800573C06 /* Event.swift */; };
		66804A3129D331CE00573C06 /* Performer.swift in Sources */ = {isa = PBXBuildFile; fileRef = 66804A3029D331CE00573C06 /* Performer.swift */; };
		66804A3329D3383E00573C06 /* Images.swift in Sources */ = {isa = PBXBuildFile; fileRef = 66804A3229D3383E00573C06 /* Images.swift */; };
		66804A3529D33A9200573C06 /* Stats.swift in Sources */ = {isa = PBXBuildFile; fileRef = 66804A3429D33A9200573C06 /* Stats.swift */; };
		66804A3729D33B9100573C06 /* Taxonomy.swift in Sources */ = {isa = PBXBuildFile; fileRef = 66804A3629D33B9100573C06 /* Taxonomy.swift */; };
		66804A3929D33C7500573C06 /* Location.swift in Sources */ = {isa = PBXBuildFile; fileRef = 66804A3829D33C7500573C06 /* Location.swift */; };
		66804A3B29D33CB500573C06 /* Venue.swift in Sources */ = {isa = PBXBuildFile; fileRef = 66804A3A29D33CB500573C06 /* Venue.swift */; };
		66804A3E29D33F4400573C06 /* Geolocation.swift in Sources */ = {isa = PBXBuildFile; fileRef = 66804A3D29D33F4400573C06 /* Geolocation.swift */; };
		66804A4029D343C800573C06 /* ImageBorder.swift in Sources */ = {isa = PBXBuildFile; fileRef = 66804A3F29D343C800573C06 /* ImageBorder.swift */; };
		66804A4229D343E700573C06 /* EmptyTableView.swift in Sources */ = {isa = PBXBuildFile; fileRef = 66804A4129D343E700573C06 /* EmptyTableView.swift */; };
		66804A4429D343FE00573C06 /* LoadImage.swift in Sources */ = {isa = PBXBuildFile; fileRef = 66804A4329D343FE00573C06 /* LoadImage.swift */; };
/* End PBXBuildFile section */

/* Begin PBXContainerItemProxy section */
		66804A1129D330F200573C06 /* PBXContainerItemProxy */ = {
			isa = PBXContainerItemProxy;
			containerPortal = 668049F829D330F100573C06 /* Project object */;
			proxyType = 1;
			remoteGlobalIDString = 668049FF29D330F100573C06;
			remoteInfo = Mixity;
		};
		66804A1B29D330F200573C06 /* PBXContainerItemProxy */ = {
			isa = PBXContainerItemProxy;
			containerPortal = 668049F829D330F100573C06 /* Project object */;
			proxyType = 1;
			remoteGlobalIDString = 668049FF29D330F100573C06;
			remoteInfo = Mixity;
		};
/* End PBXContainerItemProxy section */

/* Begin PBXFileReference section */
		66804A0029D330F100573C06 /* Mixity.app */ = {isa = PBXFileReference; explicitFileType = wrapper.application; includeInIndex = 0; path = Mixity.app; sourceTree = BUILT_PRODUCTS_DIR; };
		66804A0329D330F100573C06 /* MixityApp.swift */ = {isa = PBXFileReference; lastKnownFileType = sourcecode.swift; path = MixityApp.swift; sourceTree = "<group>"; };
		66804A0529D330F100573C06 /* ContentView.swift */ = {isa = PBXFileReference; lastKnownFileType = sourcecode.swift; path = ContentView.swift; sourceTree = "<group>"; };
		66804A0729D330F200573C06 /* Assets.xcassets */ = {isa = PBXFileReference; lastKnownFileType = folder.assetcatalog; path = Assets.xcassets; sourceTree = "<group>"; };
		66804A0A29D330F200573C06 /* Preview Assets.xcassets */ = {isa = PBXFileReference; lastKnownFileType = folder.assetcatalog; path = "Preview Assets.xcassets"; sourceTree = "<group>"; };
		66804A1029D330F200573C06 /* MixityTests.xctest */ = {isa = PBXFileReference; explicitFileType = wrapper.cfbundle; includeInIndex = 0; path = MixityTests.xctest; sourceTree = BUILT_PRODUCTS_DIR; };
		66804A1429D330F200573C06 /* MixityTests.swift */ = {isa = PBXFileReference; lastKnownFileType = sourcecode.swift; path = MixityTests.swift; sourceTree = "<group>"; };
		66804A1A29D330F200573C06 /* MixityUITests.xctest */ = {isa = PBXFileReference; explicitFileType = wrapper.cfbundle; includeInIndex = 0; path = MixityUITests.xctest; sourceTree = BUILT_PRODUCTS_DIR; };
		66804A1E29D330F200573C06 /* MixityUITests.swift */ = {isa = PBXFileReference; lastKnownFileType = sourcecode.swift; path = MixityUITests.swift; sourceTree = "<group>"; };
		66804A2029D330F200573C06 /* MixityUITestsLaunchTests.swift */ = {isa = PBXFileReference; lastKnownFileType = sourcecode.swift; path = MixityUITestsLaunchTests.swift; sourceTree = "<group>"; };
		66804A2E29D3312800573C06 /* Event.swift */ = {isa = PBXFileReference; lastKnownFileType = sourcecode.swift; path = Event.swift; sourceTree = "<group>"; };
		66804A3029D331CE00573C06 /* Performer.swift */ = {isa = PBXFileReference; lastKnownFileType = sourcecode.swift; path = Performer.swift; sourceTree = "<group>"; };
		66804A3229D3383E00573C06 /* Images.swift */ = {isa = PBXFileReference; lastKnownFileType = sourcecode.swift; path = Images.swift; sourceTree = "<group>"; };
		66804A3429D33A9200573C06 /* Stats.swift */ = {isa = PBXFileReference; lastKnownFileType = sourcecode.swift; path = Stats.swift; sourceTree = "<group>"; };
		66804A3629D33B9100573C06 /* Taxonomy.swift */ = {isa = PBXFileReference; lastKnownFileType = sourcecode.swift; path = Taxonomy.swift; sourceTree = "<group>"; };
		66804A3829D33C7500573C06 /* Location.swift */ = {isa = PBXFileReference; lastKnownFileType = sourcecode.swift; path = Location.swift; sourceTree = "<group>"; };
		66804A3A29D33CB500573C06 /* Venue.swift */ = {isa = PBXFileReference; lastKnownFileType = sourcecode.swift; path = Venue.swift; sourceTree = "<group>"; };
		66804A3D29D33F4400573C06 /* Geolocation.swift */ = {isa = PBXFileReference; lastKnownFileType = sourcecode.swift; path = Geolocation.swift; sourceTree = "<group>"; };
		66804A3F29D343C800573C06 /* ImageBorder.swift */ = {isa = PBXFileReference; fileEncoding = 4; lastKnownFileType = sourcecode.swift; path = ImageBorder.swift; sourceTree = "<group>"; };
		66804A4129D343E700573C06 /* EmptyTableView.swift */ = {isa = PBXFileReference; fileEncoding = 4; lastKnownFileType = sourcecode.swift; path = EmptyTableView.swift; sourceTree = "<group>"; };
		66804A4329D343FE00573C06 /* LoadImage.swift */ = {isa = PBXFileReference; fileEncoding = 4; lastKnownFileType = sourcecode.swift; path = LoadImage.swift; sourceTree = "<group>"; };
/* End PBXFileReference section */

/* Begin PBXFrameworksBuildPhase section */
		668049FD29D330F100573C06 /* Frameworks */ = {
			isa = PBXFrameworksBuildPhase;
			buildActionMask = 2147483647;
			files = (
			);
			runOnlyForDeploymentPostprocessing = 0;
		};
		66804A0D29D330F200573C06 /* Frameworks */ = {
			isa = PBXFrameworksBuildPhase;
			buildActionMask = 2147483647;
			files = (
			);
			runOnlyForDeploymentPostprocessing = 0;
		};
		66804A1729D330F200573C06 /* Frameworks */ = {
			isa = PBXFrameworksBuildPhase;
			buildActionMask = 2147483647;
			files = (
			);
			runOnlyForDeploymentPostprocessing = 0;
		};
/* End PBXFrameworksBuildPhase section */

/* Begin PBXGroup section */
		668049F729D330F100573C06 = {
			isa = PBXGroup;
			children = (
				66804A0229D330F100573C06 /* Mixity */,
				66804A1329D330F200573C06 /* MixityTests */,
				66804A1D29D330F200573C06 /* MixityUITests */,
				66804A0129D330F100573C06 /* Products */,
			);
			sourceTree = "<group>";
		};
		66804A0129D330F100573C06 /* Products */ = {
			isa = PBXGroup;
			children = (
				66804A0029D330F100573C06 /* Mixity.app */,
				66804A1029D330F200573C06 /* MixityTests.xctest */,
				66804A1A29D330F200573C06 /* MixityUITests.xctest */,
			);
			name = Products;
			sourceTree = "<group>";
		};
		66804A0229D330F100573C06 /* Mixity */ = {
			isa = PBXGroup;
			children = (
				66804A0329D330F100573C06 /* MixityApp.swift */,
				66804A0529D330F100573C06 /* ContentView.swift */,
				66804A3C29D33EED00573C06 /* New Group */,
				66804A2D29D3310400573C06 /* SeatGeekModels */,
				66804A0729D330F200573C06 /* Assets.xcassets */,
				66804A0929D330F200573C06 /* Preview Content */,
			);
			path = Mixity;
			sourceTree = "<group>";
		};
		66804A0929D330F200573C06 /* Preview Content */ = {
			isa = PBXGroup;
			children = (
				66804A0A29D330F200573C06 /* Preview Assets.xcassets */,
			);
			path = "Preview Content";
			sourceTree = "<group>";
		};
		66804A1329D330F200573C06 /* MixityTests */ = {
			isa = PBXGroup;
			children = (
				66804A1429D330F200573C06 /* MixityTests.swift */,
			);
			path = MixityTests;
			sourceTree = "<group>";
		};
		66804A1D29D330F200573C06 /* MixityUITests */ = {
			isa = PBXGroup;
			children = (
				66804A1E29D330F200573C06 /* MixityUITests.swift */,
				66804A2029D330F200573C06 /* MixityUITestsLaunchTests.swift */,
			);
			path = MixityUITests;
			sourceTree = "<group>";
		};
		66804A2D29D3310400573C06 /* SeatGeekModels */ = {
			isa = PBXGroup;
			children = (
				66804A2E29D3312800573C06 /* Event.swift */,
				66804A3829D33C7500573C06 /* Location.swift */,
				66804A3A29D33CB500573C06 /* Venue.swift */,
				66804A3029D331CE00573C06 /* Performer.swift */,
				66804A3229D3383E00573C06 /* Images.swift */,
				66804A3429D33A9200573C06 /* Stats.swift */,
				66804A3629D33B9100573C06 /* Taxonomy.swift */,
			);
			path = SeatGeekModels;
			sourceTree = "<group>";
		};
		66804A3C29D33EED00573C06 /* New Group */ = {
			isa = PBXGroup;
			children = (
				66804A4329D343FE00573C06 /* LoadImage.swift */,
				66804A3F29D343C800573C06 /* ImageBorder.swift */,
				66804A3D29D33F4400573C06 /* Geolocation.swift */,
				66804A4129D343E700573C06 /* EmptyTableView.swift */,
			);
			path = "New Group";
			sourceTree = "<group>";
		};
/* End PBXGroup section */

/* Begin PBXNativeTarget section */
		668049FF29D330F100573C06 /* Mixity */ = {
			isa = PBXNativeTarget;
			buildConfigurationList = 66804A2429D330F200573C06 /* Build configuration list for PBXNativeTarget "Mixity" */;
			buildPhases = (
				668049FC29D330F100573C06 /* Sources */,
				668049FD29D330F100573C06 /* Frameworks */,
				668049FE29D330F100573C06 /* Resources */,
			);
			buildRules = (
			);
			dependencies = (
			);
			name = Mixity;
			productName = Mixity;
			productReference = 66804A0029D330F100573C06 /* Mixity.app */;
			productType = "com.apple.product-type.application";
		};
		66804A0F29D330F200573C06 /* MixityTests */ = {
			isa = PBXNativeTarget;
			buildConfigurationList = 66804A2729D330F200573C06 /* Build configuration list for PBXNativeTarget "MixityTests" */;
			buildPhases = (
				66804A0C29D330F200573C06 /* Sources */,
				66804A0D29D330F200573C06 /* Frameworks */,
				66804A0E29D330F200573C06 /* Resources */,
			);
			buildRules = (
			);
			dependencies = (
				66804A1229D330F200573C06 /* PBXTargetDependency */,
			);
			name = MixityTests;
			productName = MixityTests;
			productReference = 66804A1029D330F200573C06 /* MixityTests.xctest */;
			productType = "com.apple.product-type.bundle.unit-test";
		};
		66804A1929D330F200573C06 /* MixityUITests */ = {
			isa = PBXNativeTarget;
			buildConfigurationList = 66804A2A29D330F200573C06 /* Build configuration list for PBXNativeTarget "MixityUITests" */;
			buildPhases = (
				66804A1629D330F200573C06 /* Sources */,
				66804A1729D330F200573C06 /* Frameworks */,
				66804A1829D330F200573C06 /* Resources */,
			);
			buildRules = (
			);
			dependencies = (
				66804A1C29D330F200573C06 /* PBXTargetDependency */,
			);
			name = MixityUITests;
			productName = MixityUITests;
			productReference = 66804A1A29D330F200573C06 /* MixityUITests.xctest */;
			productType = "com.apple.product-type.bundle.ui-testing";
		};
/* End PBXNativeTarget section */

/* Begin PBXProject section */
		668049F829D330F100573C06 /* Project object */ = {
			isa = PBXProject;
			attributes = {
				BuildIndependentTargetsInParallel = 1;
				LastSwiftUpdateCheck = 1420;
				LastUpgradeCheck = 1420;
				TargetAttributes = {
					668049FF29D330F100573C06 = {
						CreatedOnToolsVersion = 14.2;
					};
					66804A0F29D330F200573C06 = {
						CreatedOnToolsVersion = 14.2;
						TestTargetID = 668049FF29D330F100573C06;
					};
					66804A1929D330F200573C06 = {
						CreatedOnToolsVersion = 14.2;
						TestTargetID = 668049FF29D330F100573C06;
					};
				};
			};
			buildConfigurationList = 668049FB29D330F100573C06 /* Build configuration list for PBXProject "Mixity" */;
			compatibilityVersion = "Xcode 14.0";
			developmentRegion = en;
			hasScannedForEncodings = 0;
			knownRegions = (
				en,
				Base,
			);
			mainGroup = 668049F729D330F100573C06;
			productRefGroup = 66804A0129D330F100573C06 /* Products */;
			projectDirPath = "";
			projectRoot = "";
			targets = (
				668049FF29D330F100573C06 /* Mixity */,
				66804A0F29D330F200573C06 /* MixityTests */,
				66804A1929D330F200573C06 /* MixityUITests */,
			);
		};
/* End PBXProject section */

/* Begin PBXResourcesBuildPhase section */
		668049FE29D330F100573C06 /* Resources */ = {
			isa = PBXResourcesBuildPhase;
			buildActionMask = 2147483647;
			files = (
				66804A0B29D330F200573C06 /* Preview Assets.xcassets in Resources */,
				66804A0829D330F200573C06 /* Assets.xcassets in Resources */,
			);
			runOnlyForDeploymentPostprocessing = 0;
		};
		66804A0E29D330F200573C06 /* Resources */ = {
			isa = PBXResourcesBuildPhase;
			buildActionMask = 2147483647;
			files = (
			);
			runOnlyForDeploymentPostprocessing = 0;
		};
		66804A1829D330F200573C06 /* Resources */ = {
			isa = PBXResourcesBuildPhase;
			buildActionMask = 2147483647;
			files = (
			);
			runOnlyForDeploymentPostprocessing = 0;
		};
/* End PBXResourcesBuildPhase section */

/* Begin PBXSourcesBuildPhase section */
		668049FC29D330F100573C06 /* Sources */ = {
			isa = PBXSourcesBuildPhase;
			buildActionMask = 2147483647;
			files = (
				66804A3129D331CE00573C06 /* Performer.swift in Sources */,
				66804A4229D343E700573C06 /* EmptyTableView.swift in Sources */,
				66804A3529D33A9200573C06 /* Stats.swift in Sources */,
				66804A3929D33C7500573C06 /* Location.swift in Sources */,
				66804A0629D330F100573C06 /* ContentView.swift in Sources */,
				66804A3B29D33CB500573C06 /* Venue.swift in Sources */,
				66804A3329D3383E00573C06 /* Images.swift in Sources */,
				66804A3E29D33F4400573C06 /* Geolocation.swift in Sources */,
				66804A2F29D3312800573C06 /* Event.swift in Sources */,
				66804A4029D343C800573C06 /* ImageBorder.swift in Sources */,
				66804A0429D330F100573C06 /* MixityApp.swift in Sources */,
				66804A4429D343FE00573C06 /* LoadImage.swift in Sources */,
				66804A3729D33B9100573C06 /* Taxonomy.swift in Sources */,
			);
			runOnlyForDeploymentPostprocessing = 0;
		};
		66804A0C29D330F200573C06 /* Sources */ = {
			isa = PBXSourcesBuildPhase;
			buildActionMask = 2147483647;
			files = (
				66804A1529D330F200573C06 /* MixityTests.swift in Sources */,
			);
			runOnlyForDeploymentPostprocessing = 0;
		};
		66804A1629D330F200573C06 /* Sources */ = {
			isa = PBXSourcesBuildPhase;
			buildActionMask = 2147483647;
			files = (
				66804A2129D330F200573C06 /* MixityUITestsLaunchTests.swift in Sources */,
				66804A1F29D330F200573C06 /* MixityUITests.swift in Sources */,
			);
			runOnlyForDeploymentPostprocessing = 0;
		};
/* End PBXSourcesBuildPhase section */

/* Begin PBXTargetDependency section */
		66804A1229D330F200573C06 /* PBXTargetDependency */ = {
			isa = PBXTargetDependency;
			target = 668049FF29D330F100573C06 /* Mixity */;
			targetProxy = 66804A1129D330F200573C06 /* PBXContainerItemProxy */;
		};
		66804A1C29D330F200573C06 /* PBXTargetDependency */ = {
			isa = PBXTargetDependency;
			target = 668049FF29D330F100573C06 /* Mixity */;
			targetProxy = 66804A1B29D330F200573C06 /* PBXContainerItemProxy */;
		};
/* End PBXTargetDependency section */

/* Begin XCBuildConfiguration section */
		66804A2229D330F200573C06 /* Debug */ = {
			isa = XCBuildConfiguration;
			buildSettings = {
				ALWAYS_SEARCH_USER_PATHS = NO;
				CLANG_ANALYZER_NONNULL = YES;
				CLANG_ANALYZER_NUMBER_OBJECT_CONVERSION = YES_AGGRESSIVE;
				CLANG_CXX_LANGUAGE_STANDARD = "gnu++20";
				CLANG_ENABLE_MODULES = YES;
				CLANG_ENABLE_OBJC_ARC = YES;
				CLANG_ENABLE_OBJC_WEAK = YES;
				CLANG_WARN_BLOCK_CAPTURE_AUTORELEASING = YES;
				CLANG_WARN_BOOL_CONVERSION = YES;
				CLANG_WARN_COMMA = YES;
				CLANG_WARN_CONSTANT_CONVERSION = YES;
				CLANG_WARN_DEPRECATED_OBJC_IMPLEMENTATIONS = YES;
				CLANG_WARN_DIRECT_OBJC_ISA_USAGE = YES_ERROR;
				CLANG_WARN_DOCUMENTATION_COMMENTS = YES;
				CLANG_WARN_EMPTY_BODY = YES;
				CLANG_WARN_ENUM_CONVERSION = YES;
				CLANG_WARN_INFINITE_RECURSION = YES;
				CLANG_WARN_INT_CONVERSION = YES;
				CLANG_WARN_NON_LITERAL_NULL_CONVERSION = YES;
				CLANG_WARN_OBJC_IMPLICIT_RETAIN_SELF = YES;
				CLANG_WARN_OBJC_LITERAL_CONVERSION = YES;
				CLANG_WARN_OBJC_ROOT_CLASS = YES_ERROR;
				CLANG_WARN_QUOTED_INCLUDE_IN_FRAMEWORK_HEADER = YES;
				CLANG_WARN_RANGE_LOOP_ANALYSIS = YES;
				CLANG_WARN_STRICT_PROTOTYPES = YES;
				CLANG_WARN_SUSPICIOUS_MOVE = YES;
				CLANG_WARN_UNGUARDED_AVAILABILITY = YES_AGGRESSIVE;
				CLANG_WARN_UNREACHABLE_CODE = YES;
				CLANG_WARN__DUPLICATE_METHOD_MATCH = YES;
				COPY_PHASE_STRIP = NO;
				DEBUG_INFORMATION_FORMAT = dwarf;
				ENABLE_STRICT_OBJC_MSGSEND = YES;
				ENABLE_TESTABILITY = YES;
				GCC_C_LANGUAGE_STANDARD = gnu11;
				GCC_DYNAMIC_NO_PIC = NO;
				GCC_NO_COMMON_BLOCKS = YES;
				GCC_OPTIMIZATION_LEVEL = 0;
				GCC_PREPROCESSOR_DEFINITIONS = (
					"DEBUG=1",
					"$(inherited)",
				);
				GCC_WARN_64_TO_32_BIT_CONVERSION = YES;
				GCC_WARN_ABOUT_RETURN_TYPE = YES_ERROR;
				GCC_WARN_UNDECLARED_SELECTOR = YES;
				GCC_WARN_UNINITIALIZED_AUTOS = YES_AGGRESSIVE;
				GCC_WARN_UNUSED_FUNCTION = YES;
				GCC_WARN_UNUSED_VARIABLE = YES;
				IPHONEOS_DEPLOYMENT_TARGET = 16.2;
				MTL_ENABLE_DEBUG_INFO = INCLUDE_SOURCE;
				MTL_FAST_MATH = YES;
				ONLY_ACTIVE_ARCH = YES;
				SDKROOT = iphoneos;
				SWIFT_ACTIVE_COMPILATION_CONDITIONS = DEBUG;
				SWIFT_OPTIMIZATION_LEVEL = "-Onone";
			};
			name = Debug;
		};
		66804A2329D330F200573C06 /* Release */ = {
			isa = XCBuildConfiguration;
			buildSettings = {
				ALWAYS_SEARCH_USER_PATHS = NO;
				CLANG_ANALYZER_NONNULL = YES;
				CLANG_ANALYZER_NUMBER_OBJECT_CONVERSION = YES_AGGRESSIVE;
				CLANG_CXX_LANGUAGE_STANDARD = "gnu++20";
				CLANG_ENABLE_MODULES = YES;
				CLANG_ENABLE_OBJC_ARC = YES;
				CLANG_ENABLE_OBJC_WEAK = YES;
				CLANG_WARN_BLOCK_CAPTURE_AUTORELEASING = YES;
				CLANG_WARN_BOOL_CONVERSION = YES;
				CLANG_WARN_COMMA = YES;
				CLANG_WARN_CONSTANT_CONVERSION = YES;
				CLANG_WARN_DEPRECATED_OBJC_IMPLEMENTATIONS = YES;
				CLANG_WARN_DIRECT_OBJC_ISA_USAGE = YES_ERROR;
				CLANG_WARN_DOCUMENTATION_COMMENTS = YES;
				CLANG_WARN_EMPTY_BODY = YES;
				CLANG_WARN_ENUM_CONVERSION = YES;
				CLANG_WARN_INFINITE_RECURSION = YES;
				CLANG_WARN_INT_CONVERSION = YES;
				CLANG_WARN_NON_LITERAL_NULL_CONVERSION = YES;
				CLANG_WARN_OBJC_IMPLICIT_RETAIN_SELF = YES;
				CLANG_WARN_OBJC_LITERAL_CONVERSION = YES;
				CLANG_WARN_OBJC_ROOT_CLASS = YES_ERROR;
				CLANG_WARN_QUOTED_INCLUDE_IN_FRAMEWORK_HEADER = YES;
				CLANG_WARN_RANGE_LOOP_ANALYSIS = YES;
				CLANG_WARN_STRICT_PROTOTYPES = YES;
				CLANG_WARN_SUSPICIOUS_MOVE = YES;
				CLANG_WARN_UNGUARDED_AVAILABILITY = YES_AGGRESSIVE;
				CLANG_WARN_UNREACHABLE_CODE = YES;
				CLANG_WARN__DUPLICATE_METHOD_MATCH = YES;
				COPY_PHASE_STRIP = NO;
				DEBUG_INFORMATION_FORMAT = "dwarf-with-dsym";
				ENABLE_NS_ASSERTIONS = NO;
				ENABLE_STRICT_OBJC_MSGSEND = YES;
				GCC_C_LANGUAGE_STANDARD = gnu11;
				GCC_NO_COMMON_BLOCKS = YES;
				GCC_WARN_64_TO_32_BIT_CONVERSION = YES;
				GCC_WARN_ABOUT_RETURN_TYPE = YES_ERROR;
				GCC_WARN_UNDECLARED_SELECTOR = YES;
				GCC_WARN_UNINITIALIZED_AUTOS = YES_AGGRESSIVE;
				GCC_WARN_UNUSED_FUNCTION = YES;
				GCC_WARN_UNUSED_VARIABLE = YES;
				IPHONEOS_DEPLOYMENT_TARGET = 16.2;
				MTL_ENABLE_DEBUG_INFO = NO;
				MTL_FAST_MATH = YES;
				SDKROOT = iphoneos;
				SWIFT_COMPILATION_MODE = wholemodule;
				SWIFT_OPTIMIZATION_LEVEL = "-O";
				VALIDATE_PRODUCT = YES;
			};
			name = Release;
		};
		66804A2529D330F200573C06 /* Debug */ = {
			isa = XCBuildConfiguration;
			buildSettings = {
				ASSETCATALOG_COMPILER_APPICON_NAME = AppIcon;
				ASSETCATALOG_COMPILER_GLOBAL_ACCENT_COLOR_NAME = AccentColor;
				CODE_SIGN_STYLE = Automatic;
				CURRENT_PROJECT_VERSION = 1;
				DEVELOPMENT_ASSET_PATHS = "\"Mixity/Preview Content\"";
				DEVELOPMENT_TEAM = FGK773Y5UU;
				ENABLE_PREVIEWS = YES;
				GENERATE_INFOPLIST_FILE = YES;
				INFOPLIST_KEY_UIApplicationSceneManifest_Generation = YES;
				INFOPLIST_KEY_UIApplicationSupportsIndirectInputEvents = YES;
				INFOPLIST_KEY_UILaunchScreen_Generation = YES;
				INFOPLIST_KEY_UISupportedInterfaceOrientations_iPad = "UIInterfaceOrientationPortrait UIInterfaceOrientationPortraitUpsideDown UIInterfaceOrientationLandscapeLeft UIInterfaceOrientationLandscapeRight";
				INFOPLIST_KEY_UISupportedInterfaceOrientations_iPhone = "UIInterfaceOrientationPortrait UIInterfaceOrientationLandscapeLeft UIInterfaceOrientationLandscapeRight";
				LD_RUNPATH_SEARCH_PATHS = (
					"$(inherited)",
					"@executable_path/Frameworks",
				);
				MARKETING_VERSION = 1.0;
				PRODUCT_BUNDLE_IDENTIFIER = MSU.Mixity;
				PRODUCT_NAME = "$(TARGET_NAME)";
				SWIFT_EMIT_LOC_STRINGS = YES;
				SWIFT_VERSION = 5.0;
				TARGETED_DEVICE_FAMILY = "1,2";
			};
			name = Debug;
		};
		66804A2629D330F200573C06 /* Release */ = {
			isa = XCBuildConfiguration;
			buildSettings = {
				ASSETCATALOG_COMPILER_APPICON_NAME = AppIcon;
				ASSETCATALOG_COMPILER_GLOBAL_ACCENT_COLOR_NAME = AccentColor;
				CODE_SIGN_STYLE = Automatic;
				CURRENT_PROJECT_VERSION = 1;
				DEVELOPMENT_ASSET_PATHS = "\"Mixity/Preview Content\"";
				DEVELOPMENT_TEAM = FGK773Y5UU;
				ENABLE_PREVIEWS = YES;
				GENERATE_INFOPLIST_FILE = YES;
				INFOPLIST_KEY_UIApplicationSceneManifest_Generation = YES;
				INFOPLIST_KEY_UIApplicationSupportsIndirectInputEvents = YES;
				INFOPLIST_KEY_UILaunchScreen_Generation = YES;
				INFOPLIST_KEY_UISupportedInterfaceOrientations_iPad = "UIInterfaceOrientationPortrait UIInterfaceOrientationPortraitUpsideDown UIInterfaceOrientationLandscapeLeft UIInterfaceOrientationLandscapeRight";
				INFOPLIST_KEY_UISupportedInterfaceOrientations_iPhone = "UIInterfaceOrientationPortrait UIInterfaceOrientationLandscapeLeft UIInterfaceOrientationLandscapeRight";
				LD_RUNPATH_SEARCH_PATHS = (
					"$(inherited)",
					"@executable_path/Frameworks",
				);
				MARKETING_VERSION = 1.0;
				PRODUCT_BUNDLE_IDENTIFIER = MSU.Mixity;
				PRODUCT_NAME = "$(TARGET_NAME)";
				SWIFT_EMIT_LOC_STRINGS = YES;
				SWIFT_VERSION = 5.0;
				TARGETED_DEVICE_FAMILY = "1,2";
			};
			name = Release;
		};
		66804A2829D330F200573C06 /* Debug */ = {
			isa = XCBuildConfiguration;
			buildSettings = {
				ALWAYS_EMBED_SWIFT_STANDARD_LIBRARIES = YES;
				BUNDLE_LOADER = "$(TEST_HOST)";
				CODE_SIGN_STYLE = Automatic;
				CURRENT_PROJECT_VERSION = 1;
				DEVELOPMENT_TEAM = FGK773Y5UU;
				GENERATE_INFOPLIST_FILE = YES;
				IPHONEOS_DEPLOYMENT_TARGET = 16.2;
				MARKETING_VERSION = 1.0;
				PRODUCT_BUNDLE_IDENTIFIER = MSU.MixityTests;
				PRODUCT_NAME = "$(TARGET_NAME)";
				SWIFT_EMIT_LOC_STRINGS = NO;
				SWIFT_VERSION = 5.0;
				TARGETED_DEVICE_FAMILY = "1,2";
				TEST_HOST = "$(BUILT_PRODUCTS_DIR)/Mixity.app/$(BUNDLE_EXECUTABLE_FOLDER_PATH)/Mixity";
			};
			name = Debug;
		};
		66804A2929D330F200573C06 /* Release */ = {
			isa = XCBuildConfiguration;
			buildSettings = {
				ALWAYS_EMBED_SWIFT_STANDARD_LIBRARIES = YES;
				BUNDLE_LOADER = "$(TEST_HOST)";
				CODE_SIGN_STYLE = Automatic;
				CURRENT_PROJECT_VERSION = 1;
				DEVELOPMENT_TEAM = FGK773Y5UU;
				GENERATE_INFOPLIST_FILE = YES;
				IPHONEOS_DEPLOYMENT_TARGET = 16.2;
				MARKETING_VERSION = 1.0;
				PRODUCT_BUNDLE_IDENTIFIER = MSU.MixityTests;
				PRODUCT_NAME = "$(TARGET_NAME)";
				SWIFT_EMIT_LOC_STRINGS = NO;
				SWIFT_VERSION = 5.0;
				TARGETED_DEVICE_FAMILY = "1,2";
				TEST_HOST = "$(BUILT_PRODUCTS_DIR)/Mixity.app/$(BUNDLE_EXECUTABLE_FOLDER_PATH)/Mixity";
			};
			name = Release;
		};
		66804A2B29D330F200573C06 /* Debug */ = {
			isa = XCBuildConfiguration;
			buildSettings = {
				ALWAYS_EMBED_SWIFT_STANDARD_LIBRARIES = YES;
				CODE_SIGN_STYLE = Automatic;
				CURRENT_PROJECT_VERSION = 1;
				DEVELOPMENT_TEAM = FGK773Y5UU;
				GENERATE_INFOPLIST_FILE = YES;
				MARKETING_VERSION = 1.0;
				PRODUCT_BUNDLE_IDENTIFIER = MSU.MixityUITests;
				PRODUCT_NAME = "$(TARGET_NAME)";
				SWIFT_EMIT_LOC_STRINGS = NO;
				SWIFT_VERSION = 5.0;
				TARGETED_DEVICE_FAMILY = "1,2";
				TEST_TARGET_NAME = Mixity;
			};
			name = Debug;
		};
		66804A2C29D330F200573C06 /* Release */ = {
			isa = XCBuildConfiguration;
			buildSettings = {
				ALWAYS_EMBED_SWIFT_STANDARD_LIBRARIES = YES;
				CODE_SIGN_STYLE = Automatic;
				CURRENT_PROJECT_VERSION = 1;
				DEVELOPMENT_TEAM = FGK773Y5UU;
				GENERATE_INFOPLIST_FILE = YES;
				MARKETING_VERSION = 1.0;
				PRODUCT_BUNDLE_IDENTIFIER = MSU.MixityUITests;
				PRODUCT_NAME = "$(TARGET_NAME)";
				SWIFT_EMIT_LOC_STRINGS = NO;
				SWIFT_VERSION = 5.0;
				TARGETED_DEVICE_FAMILY = "1,2";
				TEST_TARGET_NAME = Mixity;
			};
			name = Release;
		};
/* End XCBuildConfiguration section */

/* Begin XCConfigurationList section */
		668049FB29D330F100573C06 /* Build configuration list for PBXProject "Mixity" */ = {
			isa = XCConfigurationList;
			buildConfigurations = (
				66804A2229D330F200573C06 /* Debug */,
				66804A2329D330F200573C06 /* Release */,
			);
			defaultConfigurationIsVisible = 0;
			defaultConfigurationName = Release;
		};
		66804A2429D330F200573C06 /* Build configuration list for PBXNativeTarget "Mixity" */ = {
			isa = XCConfigurationList;
			buildConfigurations = (
				66804A2529D330F200573C06 /* Debug */,
				66804A2629D330F200573C06 /* Release */,
			);
			defaultConfigurationIsVisible = 0;
			defaultConfigurationName = Release;
		};
		66804A2729D330F200573C06 /* Build configuration list for PBXNativeTarget "MixityTests" */ = {
			isa = XCConfigurationList;
			buildConfigurations = (
				66804A2829D330F200573C06 /* Debug */,
				66804A2929D330F200573C06 /* Release */,
			);
			defaultConfigurationIsVisible = 0;
			defaultConfigurationName = Release;
		};
		66804A2A29D330F200573C06 /* Build configuration list for PBXNativeTarget "MixityUITests" */ = {
			isa = XCConfigurationList;
			buildConfigurations = (
				66804A2B29D330F200573C06 /* Debug */,
				66804A2C29D330F200573C06 /* Release */,
			);
			defaultConfigurationIsVisible = 0;
			defaultConfigurationName = Release;
		};
/* End XCConfigurationList section */
	};
	rootObject = 668049F829D330F100573C06 /* Project object */;
}
